// !$*UTF8*$!
{
	archiveVersion = 1;
	classes = {
	};
	objectVersion = 77;
	objects = {

/* Begin PBXBuildFile section */
		B9CB88C92C6FB081007E4297 /* .gitignore in Resources */ = {isa = PBXBuildFile; fileRef = B9CB88C82C6FB07A007E4297 /* .gitignore */; };
/* End PBXBuildFile section */

/* Begin PBXContainerItemProxy section */
		B9B147022C6F5CB90070079A /* PBXContainerItemProxy */ = {
			isa = PBXContainerItemProxy;
			containerPortal = B9B146E82C6F5CB80070079A /* Project object */;
			proxyType = 1;
			remoteGlobalIDString = B9B146EF2C6F5CB80070079A;
			remoteInfo = TaranisVoice;
		};
		B9B1470C2C6F5CB90070079A /* PBXContainerItemProxy */ = {
			isa = PBXContainerItemProxy;
			containerPortal = B9B146E82C6F5CB80070079A /* Project object */;
			proxyType = 1;
			remoteGlobalIDString = B9B146EF2C6F5CB80070079A;
			remoteInfo = TaranisVoice;
		};
/* End PBXContainerItemProxy section */

/* Begin PBXFileReference section */
		B9B146F02C6F5CB80070079A /* TaranisVoice.app */ = {isa = PBXFileReference; explicitFileType = wrapper.application; includeInIndex = 0; path = TaranisVoice.app; sourceTree = BUILT_PRODUCTS_DIR; };
		B9B147012C6F5CB90070079A /* TaranisVoiceTests.xctest */ = {isa = PBXFileReference; explicitFileType = wrapper.cfbundle; includeInIndex = 0; path = TaranisVoiceTests.xctest; sourceTree = BUILT_PRODUCTS_DIR; };
		B9B1470B2C6F5CB90070079A /* TaranisVoiceUITests.xctest */ = {isa = PBXFileReference; explicitFileType = wrapper.cfbundle; includeInIndex = 0; path = TaranisVoiceUITests.xctest; sourceTree = BUILT_PRODUCTS_DIR; };
		B9CB88C82C6FB07A007E4297 /* .gitignore */ = {isa = PBXFileReference; lastKnownFileType = text; path = .gitignore; sourceTree = "<group>"; };
/* End PBXFileReference section */

/* Begin PBXFileSystemSynchronizedRootGroup section */
		B9B146F22C6F5CB80070079A /* TaranisVoice */ = {
			isa = PBXFileSystemSynchronizedRootGroup;
			path = TaranisVoice;
			sourceTree = "<group>";
		};
		B9B147042C6F5CB90070079A /* TaranisVoiceTests */ = {
			isa = PBXFileSystemSynchronizedRootGroup;
			path = TaranisVoiceTests;
			sourceTree = "<group>";
		};
		B9B1470E2C6F5CB90070079A /* TaranisVoiceUITests */ = {
			isa = PBXFileSystemSynchronizedRootGroup;
			path = TaranisVoiceUITests;
			sourceTree = "<group>";
		};
/* End PBXFileSystemSynchronizedRootGroup section */

/* Begin PBXFrameworksBuildPhase section */
		B9B146ED2C6F5CB80070079A /* Frameworks */ = {
			isa = PBXFrameworksBuildPhase;
			buildActionMask = 2147483647;
			files = (
			);
			runOnlyForDeploymentPostprocessing = 0;
		};
		B9B146FE2C6F5CB90070079A /* Frameworks */ = {
			isa = PBXFrameworksBuildPhase;
			buildActionMask = 2147483647;
			files = (
			);
			runOnlyForDeploymentPostprocessing = 0;
		};
		B9B147082C6F5CB90070079A /* Frameworks */ = {
			isa = PBXFrameworksBuildPhase;
			buildActionMask = 2147483647;
			files = (
			);
			runOnlyForDeploymentPostprocessing = 0;
		};
/* End PBXFrameworksBuildPhase section */

/* Begin PBXGroup section */
		B9B146E72C6F5CB80070079A = {
			isa = PBXGroup;
			children = (
				B9CB88C82C6FB07A007E4297 /* .gitignore */,
				B9B146F22C6F5CB80070079A /* TaranisVoice */,
				B9B147042C6F5CB90070079A /* TaranisVoiceTests */,
				B9B1470E2C6F5CB90070079A /* TaranisVoiceUITests */,
				B9B146F12C6F5CB80070079A /* Products */,
			);
			sourceTree = "<group>";
		};
		B9B146F12C6F5CB80070079A /* Products */ = {
			isa = PBXGroup;
			children = (
				B9B146F02C6F5CB80070079A /* TaranisVoice.app */,
				B9B147012C6F5CB90070079A /* TaranisVoiceTests.xctest */,
				B9B1470B2C6F5CB90070079A /* TaranisVoiceUITests.xctest */,
			);
			name = Products;
			sourceTree = "<group>";
		};
/* End PBXGroup section */

/* Begin PBXNativeTarget section */
		B9B146EF2C6F5CB80070079A /* TaranisVoice */ = {
			isa = PBXNativeTarget;
			buildConfigurationList = B9B147152C6F5CB90070079A /* Build configuration list for PBXNativeTarget "TaranisVoice" */;
			buildPhases = (
				B9B146EC2C6F5CB80070079A /* Sources */,
				B9B146ED2C6F5CB80070079A /* Frameworks */,
				B9B146EE2C6F5CB80070079A /* Resources */,
			);
			buildRules = (
			);
			dependencies = (
			);
			fileSystemSynchronizedGroups = (
				B9B146F22C6F5CB80070079A /* TaranisVoice */,
			);
			name = TaranisVoice;
			packageProductDependencies = (
			);
			productName = TaranisVoice;
			productReference = B9B146F02C6F5CB80070079A /* TaranisVoice.app */;
			productType = "com.apple.product-type.application";
		};
		B9B147002C6F5CB90070079A /* TaranisVoiceTests */ = {
			isa = PBXNativeTarget;
			buildConfigurationList = B9B147182C6F5CB90070079A /* Build configuration list for PBXNativeTarget "TaranisVoiceTests" */;
			buildPhases = (
				B9B146FD2C6F5CB90070079A /* Sources */,
				B9B146FE2C6F5CB90070079A /* Frameworks */,
				B9B146FF2C6F5CB90070079A /* Resources */,
			);
			buildRules = (
			);
			dependencies = (
				B9B147032C6F5CB90070079A /* PBXTargetDependency */,
			);
			fileSystemSynchronizedGroups = (
				B9B147042C6F5CB90070079A /* TaranisVoiceTests */,
			);
			name = TaranisVoiceTests;
			packageProductDependencies = (
			);
			productName = TaranisVoiceTests;
			productReference = B9B147012C6F5CB90070079A /* TaranisVoiceTests.xctest */;
			productType = "com.apple.product-type.bundle.unit-test";
		};
		B9B1470A2C6F5CB90070079A /* TaranisVoiceUITests */ = {
			isa = PBXNativeTarget;
			buildConfigurationList = B9B1471B2C6F5CB90070079A /* Build configuration list for PBXNativeTarget "TaranisVoiceUITests" */;
			buildPhases = (
				B9B147072C6F5CB90070079A /* Sources */,
				B9B147082C6F5CB90070079A /* Frameworks */,
				B9B147092C6F5CB90070079A /* Resources */,
			);
			buildRules = (
			);
			dependencies = (
				B9B1470D2C6F5CB90070079A /* PBXTargetDependency */,
			);
			fileSystemSynchronizedGroups = (
				B9B1470E2C6F5CB90070079A /* TaranisVoiceUITests */,
			);
			name = TaranisVoiceUITests;
			packageProductDependencies = (
			);
			productName = TaranisVoiceUITests;
			productReference = B9B1470B2C6F5CB90070079A /* TaranisVoiceUITests.xctest */;
			productType = "com.apple.product-type.bundle.ui-testing";
		};
/* End PBXNativeTarget section */

/* Begin PBXProject section */
		B9B146E82C6F5CB80070079A /* Project object */ = {
			isa = PBXProject;
			attributes = {
				BuildIndependentTargetsInParallel = 1;
				LastSwiftUpdateCheck = 1610;
				LastUpgradeCheck = 1610;
				TargetAttributes = {
					B9B146EF2C6F5CB80070079A = {
						CreatedOnToolsVersion = 16.1;
					};
					B9B147002C6F5CB90070079A = {
						CreatedOnToolsVersion = 16.1;
						TestTargetID = B9B146EF2C6F5CB80070079A;
					};
					B9B1470A2C6F5CB90070079A = {
						CreatedOnToolsVersion = 16.1;
						TestTargetID = B9B146EF2C6F5CB80070079A;
					};
				};
			};
			buildConfigurationList = B9B146EB2C6F5CB80070079A /* Build configuration list for PBXProject "TaranisVoice" */;
			developmentRegion = en;
			hasScannedForEncodings = 0;
			knownRegions = (
				en,
				Base,
			);
			mainGroup = B9B146E72C6F5CB80070079A;
			minimizedProjectReferenceProxies = 1;
			preferredProjectObjectVersion = 77;
			productRefGroup = B9B146F12C6F5CB80070079A /* Products */;
			projectDirPath = "";
			projectRoot = "";
			targets = (
				B9B146EF2C6F5CB80070079A /* TaranisVoice */,
				B9B147002C6F5CB90070079A /* TaranisVoiceTests */,
				B9B1470A2C6F5CB90070079A /* TaranisVoiceUITests */,
			);
		};
/* End PBXProject section */

/* Begin PBXResourcesBuildPhase section */
		B9B146EE2C6F5CB80070079A /* Resources */ = {
			isa = PBXResourcesBuildPhase;
			buildActionMask = 2147483647;
			files = (
				B9CB88C92C6FB081007E4297 /* .gitignore in Resources */,
			);
			runOnlyForDeploymentPostprocessing = 0;
		};
		B9B146FF2C6F5CB90070079A /* Resources */ = {
			isa = PBXResourcesBuildPhase;
			buildActionMask = 2147483647;
			files = (
			);
			runOnlyForDeploymentPostprocessing = 0;
		};
		B9B147092C6F5CB90070079A /* Resources */ = {
			isa = PBXResourcesBuildPhase;
			buildActionMask = 2147483647;
			files = (
			);
			runOnlyForDeploymentPostprocessing = 0;
		};
/* End PBXResourcesBuildPhase section */

/* Begin PBXSourcesBuildPhase section */
		B9B146EC2C6F5CB80070079A /* Sources */ = {
			isa = PBXSourcesBuildPhase;
			buildActionMask = 2147483647;
			files = (
			);
			runOnlyForDeploymentPostprocessing = 0;
		};
		B9B146FD2C6F5CB90070079A /* Sources */ = {
			isa = PBXSourcesBuildPhase;
			buildActionMask = 2147483647;
			files = (
			);
			runOnlyForDeploymentPostprocessing = 0;
		};
		B9B147072C6F5CB90070079A /* Sources */ = {
			isa = PBXSourcesBuildPhase;
			buildActionMask = 2147483647;
			files = (
			);
			runOnlyForDeploymentPostprocessing = 0;
		};
/* End PBXSourcesBuildPhase section */

/* Begin PBXTargetDependency section */
		B9B147032C6F5CB90070079A /* PBXTargetDependency */ = {
			isa = PBXTargetDependency;
			target = B9B146EF2C6F5CB80070079A /* TaranisVoice */;
			targetProxy = B9B147022C6F5CB90070079A /* PBXContainerItemProxy */;
		};
		B9B1470D2C6F5CB90070079A /* PBXTargetDependency */ = {
			isa = PBXTargetDependency;
			target = B9B146EF2C6F5CB80070079A /* TaranisVoice */;
			targetProxy = B9B1470C2C6F5CB90070079A /* PBXContainerItemProxy */;
		};
/* End PBXTargetDependency section */

/* Begin XCBuildConfiguration section */
		B9B147132C6F5CB90070079A /* Debug */ = {
			isa = XCBuildConfiguration;
			buildSettings = {
				ALWAYS_SEARCH_USER_PATHS = NO;
				ASSETCATALOG_COMPILER_GENERATE_SWIFT_ASSET_SYMBOL_EXTENSIONS = YES;
				CLANG_ANALYZER_NONNULL = YES;
				CLANG_ANALYZER_NUMBER_OBJECT_CONVERSION = YES_AGGRESSIVE;
				CLANG_CXX_LANGUAGE_STANDARD = "gnu++20";
				CLANG_ENABLE_MODULES = YES;
				CLANG_ENABLE_OBJC_ARC = YES;
				CLANG_ENABLE_OBJC_WEAK = YES;
				CLANG_WARN_BLOCK_CAPTURE_AUTORELEASING = YES;
				CLANG_WARN_BOOL_CONVERSION = YES;
				CLANG_WARN_COMMA = YES;
				CLANG_WARN_CONSTANT_CONVERSION = YES;
				CLANG_WARN_DEPRECATED_OBJC_IMPLEMENTATIONS = YES;
				CLANG_WARN_DIRECT_OBJC_ISA_USAGE = YES_ERROR;
				CLANG_WARN_DOCUMENTATION_COMMENTS = YES;
				CLANG_WARN_EMPTY_BODY = YES;
				CLANG_WARN_ENUM_CONVERSION = YES;
				CLANG_WARN_INFINITE_RECURSION = YES;
				CLANG_WARN_INT_CONVERSION = YES;
				CLANG_WARN_NON_LITERAL_NULL_CONVERSION = YES;
				CLANG_WARN_OBJC_IMPLICIT_RETAIN_SELF = YES;
				CLANG_WARN_OBJC_LITERAL_CONVERSION = YES;
				CLANG_WARN_OBJC_ROOT_CLASS = YES_ERROR;
				CLANG_WARN_QUOTED_INCLUDE_IN_FRAMEWORK_HEADER = YES;
				CLANG_WARN_RANGE_LOOP_ANALYSIS = YES;
				CLANG_WARN_STRICT_PROTOTYPES = YES;
				CLANG_WARN_SUSPICIOUS_MOVE = YES;
				CLANG_WARN_UNGUARDED_AVAILABILITY = YES_AGGRESSIVE;
				CLANG_WARN_UNREACHABLE_CODE = YES;
				CLANG_WARN__DUPLICATE_METHOD_MATCH = YES;
				COPY_PHASE_STRIP = NO;
				DEBUG_INFORMATION_FORMAT = dwarf;
				ENABLE_STRICT_OBJC_MSGSEND = YES;
				ENABLE_TESTABILITY = YES;
				ENABLE_USER_SCRIPT_SANDBOXING = YES;
				GCC_C_LANGUAGE_STANDARD = gnu17;
				GCC_DYNAMIC_NO_PIC = NO;
				GCC_NO_COMMON_BLOCKS = YES;
				GCC_OPTIMIZATION_LEVEL = 0;
				GCC_PREPROCESSOR_DEFINITIONS = (
					"DEBUG=1",
					"$(inherited)",
				);
				GCC_WARN_64_TO_32_BIT_CONVERSION = YES;
				GCC_WARN_ABOUT_RETURN_TYPE = YES_ERROR;
				GCC_WARN_UNDECLARED_SELECTOR = YES;
				GCC_WARN_UNINITIALIZED_AUTOS = YES_AGGRESSIVE;
				GCC_WARN_UNUSED_FUNCTION = YES;
				GCC_WARN_UNUSED_VARIABLE = YES;
				LOCALIZATION_PREFERS_STRING_CATALOGS = YES;
				MACOSX_DEPLOYMENT_TARGET = 15.0;
				MTL_ENABLE_DEBUG_INFO = INCLUDE_SOURCE;
				MTL_FAST_MATH = YES;
				ONLY_ACTIVE_ARCH = YES;
				SDKROOT = macosx;
				SWIFT_ACTIVE_COMPILATION_CONDITIONS = "DEBUG $(inherited)";
				SWIFT_OPTIMIZATION_LEVEL = "-Onone";
			};
			name = Debug;
		};
		B9B147142C6F5CB90070079A /* Release */ = {
			isa = XCBuildConfiguration;
			buildSettings = {
				ALWAYS_SEARCH_USER_PATHS = NO;
				ASSETCATALOG_COMPILER_GENERATE_SWIFT_ASSET_SYMBOL_EXTENSIONS = YES;
				CLANG_ANALYZER_NONNULL = YES;
				CLANG_ANALYZER_NUMBER_OBJECT_CONVERSION = YES_AGGRESSIVE;
				CLANG_CXX_LANGUAGE_STANDARD = "gnu++20";
				CLANG_ENABLE_MODULES = YES;
				CLANG_ENABLE_OBJC_ARC = YES;
				CLANG_ENABLE_OBJC_WEAK = YES;
				CLANG_WARN_BLOCK_CAPTURE_AUTORELEASING = YES;
				CLANG_WARN_BOOL_CONVERSION = YES;
				CLANG_WARN_COMMA = YES;
				CLANG_WARN_CONSTANT_CONVERSION = YES;
				CLANG_WARN_DEPRECATED_OBJC_IMPLEMENTATIONS = YES;
				CLANG_WARN_DIRECT_OBJC_ISA_USAGE = YES_ERROR;
				CLANG_WARN_DOCUMENTATION_COMMENTS = YES;
				CLANG_WARN_EMPTY_BODY = YES;
				CLANG_WARN_ENUM_CONVERSION = YES;
				CLANG_WARN_INFINITE_RECURSION = YES;
				CLANG_WARN_INT_CONVERSION = YES;
				CLANG_WARN_NON_LITERAL_NULL_CONVERSION = YES;
				CLANG_WARN_OBJC_IMPLICIT_RETAIN_SELF = YES;
				CLANG_WARN_OBJC_LITERAL_CONVERSION = YES;
				CLANG_WARN_OBJC_ROOT_CLASS = YES_ERROR;
				CLANG_WARN_QUOTED_INCLUDE_IN_FRAMEWORK_HEADER = YES;
				CLANG_WARN_RANGE_LOOP_ANALYSIS = YES;
				CLANG_WARN_STRICT_PROTOTYPES = YES;
				CLANG_WARN_SUSPICIOUS_MOVE = YES;
				CLANG_WARN_UNGUARDED_AVAILABILITY = YES_AGGRESSIVE;
				CLANG_WARN_UNREACHABLE_CODE = YES;
				CLANG_WARN__DUPLICATE_METHOD_MATCH = YES;
				COPY_PHASE_STRIP = NO;
				DEBUG_INFORMATION_FORMAT = "dwarf-with-dsym";
				ENABLE_NS_ASSERTIONS = NO;
				ENABLE_STRICT_OBJC_MSGSEND = YES;
				ENABLE_USER_SCRIPT_SANDBOXING = YES;
				GCC_C_LANGUAGE_STANDARD = gnu17;
				GCC_NO_COMMON_BLOCKS = YES;
				GCC_WARN_64_TO_32_BIT_CONVERSION = YES;
				GCC_WARN_ABOUT_RETURN_TYPE = YES_ERROR;
				GCC_WARN_UNDECLARED_SELECTOR = YES;
				GCC_WARN_UNINITIALIZED_AUTOS = YES_AGGRESSIVE;
				GCC_WARN_UNUSED_FUNCTION = YES;
				GCC_WARN_UNUSED_VARIABLE = YES;
				LOCALIZATION_PREFERS_STRING_CATALOGS = YES;
				MACOSX_DEPLOYMENT_TARGET = 15.0;
				MTL_ENABLE_DEBUG_INFO = NO;
				MTL_FAST_MATH = YES;
				SDKROOT = macosx;
				SWIFT_COMPILATION_MODE = wholemodule;
			};
			name = Release;
		};
		B9B147162C6F5CB90070079A /* Debug */ = {
			isa = XCBuildConfiguration;
			buildSettings = {
				ASSETCATALOG_COMPILER_APPICON_NAME = AppIcon;
				ASSETCATALOG_COMPILER_GLOBAL_ACCENT_COLOR_NAME = AccentColor;
				ASSETCATALOG_COMPILER_INCLUDE_ALL_APPICON_ASSETS = YES;
				CODE_SIGN_ENTITLEMENTS = TaranisVoice/TaranisVoice.entitlements;
				CODE_SIGN_STYLE = Automatic;
				COMBINE_HIDPI_IMAGES = YES;
				CURRENT_PROJECT_VERSION = 1;
				DEVELOPMENT_ASSET_PATHS = "\"TaranisVoice/Preview Content\"";
				ENABLE_PREVIEWS = YES;
				GENERATE_INFOPLIST_FILE = YES;
				INFOPLIST_KEY_CFBundleDisplayName = "Taranis Voice";
				INFOPLIST_KEY_LSApplicationCategoryType = "public.app-category.utilities";
				INFOPLIST_KEY_NSHumanReadableCopyright = "";
				LD_RUNPATH_SEARCH_PATHS = (
					"$(inherited)",
					"@executable_path/../Frameworks",
				);
				MACOSX_DEPLOYMENT_TARGET = 14.6;
				MARKETING_VERSION = 0.6;
				PRODUCT_BUNDLE_IDENTIFIER = com.bragi0.TaranisVoice;
				PRODUCT_NAME = "$(TARGET_NAME)";
				SWIFT_EMIT_LOC_STRINGS = YES;
				SWIFT_VERSION = 5.0;
			};
			name = Debug;
		};
		B9B147172C6F5CB90070079A /* Release */ = {
			isa = XCBuildConfiguration;
			buildSettings = {
				ASSETCATALOG_COMPILER_APPICON_NAME = AppIcon;
				ASSETCATALOG_COMPILER_GLOBAL_ACCENT_COLOR_NAME = AccentColor;
				ASSETCATALOG_COMPILER_INCLUDE_ALL_APPICON_ASSETS = YES;
				CODE_SIGN_ENTITLEMENTS = TaranisVoice/TaranisVoice.entitlements;
				CODE_SIGN_STYLE = Automatic;
				COMBINE_HIDPI_IMAGES = YES;
				CURRENT_PROJECT_VERSION = 1;
				DEVELOPMENT_ASSET_PATHS = "\"TaranisVoice/Preview Content\"";
				ENABLE_PREVIEWS = YES;
				GENERATE_INFOPLIST_FILE = YES;
				INFOPLIST_KEY_CFBundleDisplayName = "Taranis Voice";
				INFOPLIST_KEY_LSApplicationCategoryType = "public.app-category.utilities";
				INFOPLIST_KEY_NSHumanReadableCopyright = "";
				LD_RUNPATH_SEARCH_PATHS = (
					"$(inherited)",
					"@executable_path/../Frameworks",
				);
				MACOSX_DEPLOYMENT_TARGET = 14.6;
				MARKETING_VERSION = 0.6;
				PRODUCT_BUNDLE_IDENTIFIER = com.bragi0.TaranisVoice;
				PRODUCT_NAME = "$(TARGET_NAME)";
				SWIFT_EMIT_LOC_STRINGS = YES;
				SWIFT_VERSION = 5.0;
			};
			name = Release;
		};
		B9B147192C6F5CB90070079A /* Debug */ = {
			isa = XCBuildConfiguration;
			buildSettings = {
				BUNDLE_LOADER = "$(TEST_HOST)";
				CODE_SIGN_STYLE = Automatic;
				CURRENT_PROJECT_VERSION = 1;
				GENERATE_INFOPLIST_FILE = YES;
				MACOSX_DEPLOYMENT_TARGET = 15.0;
				MARKETING_VERSION = 1.0;
				PRODUCT_BUNDLE_IDENTIFIER = com.bragi0.TaranisVoiceTests;
				PRODUCT_NAME = "$(TARGET_NAME)";
				SWIFT_EMIT_LOC_STRINGS = NO;
				SWIFT_VERSION = 5.0;
				TEST_HOST = "$(BUILT_PRODUCTS_DIR)/TaranisVoice.app/$(BUNDLE_EXECUTABLE_FOLDER_PATH)/TaranisVoice";
			};
			name = Debug;
		};
		B9B1471A2C6F5CB90070079A /* Release */ = {
			isa = XCBuildConfiguration;
			buildSettings = {
				BUNDLE_LOADER = "$(TEST_HOST)";
				CODE_SIGN_STYLE = Automatic;
				CURRENT_PROJECT_VERSION = 1;
				GENERATE_INFOPLIST_FILE = YES;
				MACOSX_DEPLOYMENT_TARGET = 15.0;
				MARKETING_VERSION = 1.0;
				PRODUCT_BUNDLE_IDENTIFIER = com.bragi0.TaranisVoiceTests;
				PRODUCT_NAME = "$(TARGET_NAME)";
				SWIFT_EMIT_LOC_STRINGS = NO;
				SWIFT_VERSION = 5.0;
				TEST_HOST = "$(BUILT_PRODUCTS_DIR)/TaranisVoice.app/$(BUNDLE_EXECUTABLE_FOLDER_PATH)/TaranisVoice";
			};
			name = Release;
		};
		B9B1471C2C6F5CB90070079A /* Debug */ = {
			isa = XCBuildConfiguration;
			buildSettings = {
				CODE_SIGN_STYLE = Automatic;
				CURRENT_PROJECT_VERSION = 1;
				GENERATE_INFOPLIST_FILE = YES;
				MARKETING_VERSION = 1.0;
				PRODUCT_BUNDLE_IDENTIFIER = com.bragi0.TaranisVoiceUITests;
				PRODUCT_NAME = "$(TARGET_NAME)";
				SWIFT_EMIT_LOC_STRINGS = NO;
				SWIFT_VERSION = 5.0;
				TEST_TARGET_NAME = TaranisVoice;
			};
			name = Debug;
		};
		B9B1471D2C6F5CB90070079A /* Release */ = {
			isa = XCBuildConfiguration;
			buildSettings = {
				CODE_SIGN_STYLE = Automatic;
				CURRENT_PROJECT_VERSION = 1;
				GENERATE_INFOPLIST_FILE = YES;
				MARKETING_VERSION = 1.0;
				PRODUCT_BUNDLE_IDENTIFIER = com.bragi0.TaranisVoiceUITests;
				PRODUCT_NAME = "$(TARGET_NAME)";
				SWIFT_EMIT_LOC_STRINGS = NO;
				SWIFT_VERSION = 5.0;
				TEST_TARGET_NAME = TaranisVoice;
			};
			name = Release;
		};
/* End XCBuildConfiguration section */

/* Begin XCConfigurationList section */
		B9B146EB2C6F5CB80070079A /* Build configuration list for PBXProject "TaranisVoice" */ = {
			isa = XCConfigurationList;
			buildConfigurations = (
				B9B147132C6F5CB90070079A /* Debug */,
				B9B147142C6F5CB90070079A /* Release */,
			);
			defaultConfigurationIsVisible = 0;
			defaultConfigurationName = Release;
		};
		B9B147152C6F5CB90070079A /* Build configuration list for PBXNativeTarget "TaranisVoice" */ = {
			isa = XCConfigurationList;
			buildConfigurations = (
				B9B147162C6F5CB90070079A /* Debug */,
				B9B147172C6F5CB90070079A /* Release */,
			);
			defaultConfigurationIsVisible = 0;
			defaultConfigurationName = Release;
		};
		B9B147182C6F5CB90070079A /* Build configuration list for PBXNativeTarget "TaranisVoiceTests" */ = {
			isa = XCConfigurationList;
			buildConfigurations = (
				B9B147192C6F5CB90070079A /* Debug */,
				B9B1471A2C6F5CB90070079A /* Release */,
			);
			defaultConfigurationIsVisible = 0;
			defaultConfigurationName = Release;
		};
		B9B1471B2C6F5CB90070079A /* Build configuration list for PBXNativeTarget "TaranisVoiceUITests" */ = {
			isa = XCConfigurationList;
			buildConfigurations = (
				B9B1471C2C6F5CB90070079A /* Debug */,
				B9B1471D2C6F5CB90070079A /* Release */,
			);
			defaultConfigurationIsVisible = 0;
			defaultConfigurationName = Release;
		};
/* End XCConfigurationList section */
	};
	rootObject = B9B146E82C6F5CB80070079A /* Project object */;
}
